
Microsoft Visual Studio Solution File, Format Version 12.00
# Visual Studio Version 17
VisualStudioVersion = 17.2.32616.157
MinimumVisualStudioVersion = 10.0.40219.1
Project("{FAE04EC0-301F-11D3-BF4B-00C04F79EFBC}") = "EXE5_20210140013_KELOMPOK3", "EXE5_20210140013_KELOMPOK3\EXE5_20210140013_KELOMPOK3.csproj", "{CF7A4584-C61B-4B50-9D4C-D246CAF6620F}"
EndProject
Global
	GlobalSection(SolutionConfigurationPlatforms) = preSolution
		Debug|Any CPU = Debug|Any CPU
		Release|Any CPU = Release|Any CPU
	EndGlobalSection
	GlobalSection(ProjectConfigurationPlatforms) = postSolution
		{CF7A4584-C61B-4B50-9D4C-D246CAF6620F}.Debug|Any CPU.ActiveCfg = Debug|Any CPU
		{CF7A4584-C61B-4B50-9D4C-D246CAF6620F}.Debug|Any CPU.Build.0 = Debug|Any CPU
		{CF7A4584-C61B-4B50-9D4C-D246CAF6620F}.Release|Any CPU.ActiveCfg = Release|Any CPU
		{CF7A4584-C61B-4B50-9D4C-D246CAF6620F}.Release|Any CPU.Build.0 = Release|Any CPU
	EndGlobalSection
	GlobalSection(SolutionProperties) = preSolution
		HideSolutionNode = FALSE
	EndGlobalSection
	GlobalSection(ExtensibilityGlobals) = postSolution
		SolutionGuid = {D9DD16EC-7489-424E-AB4C-970F0820A309}
	EndGlobalSection
EndGlobal
